
Microsoft Visual Studio Solution File, Format Version 12.00
# Visual Studio 15
VisualStudioVersion = 15.0.28307.572
MinimumVisualStudioVersion = 10.0.40219.1
Project("{9A19103F-16F7-4668-BE54-9A1E7A4F7556}") = "FootballLeagueWebAPI", "FootballLeagueWebAPI\FootballLeagueWebAPI.csproj", "{64A638E1-9865-4591-AAFA-A7D68FFAC584}"
EndProject
Project("{FAE04EC0-301F-11D3-BF4B-00C04F79EFBC}") = "FootballLeagueWebAPI.Tests", "FootballLeagueWebAPI.Tests\FootballLeagueWebAPI.Tests.csproj", "{626CFA15-A5BA-47C9-A21C-AC14A2977583}"
EndProject
Global
	GlobalSection(SolutionConfigurationPlatforms) = preSolution
		Debug|Any CPU = Debug|Any CPU
		Release|Any CPU = Release|Any CPU
	EndGlobalSection
	GlobalSection(ProjectConfigurationPlatforms) = postSolution
		{64A638E1-9865-4591-AAFA-A7D68FFAC584}.Debug|Any CPU.ActiveCfg = Debug|Any CPU
		{64A638E1-9865-4591-AAFA-A7D68FFAC584}.Debug|Any CPU.Build.0 = Debug|Any CPU
		{64A638E1-9865-4591-AAFA-A7D68FFAC584}.Release|Any CPU.ActiveCfg = Release|Any CPU
		{64A638E1-9865-4591-AAFA-A7D68FFAC584}.Release|Any CPU.Build.0 = Release|Any CPU
		{626CFA15-A5BA-47C9-A21C-AC14A2977583}.Debug|Any CPU.ActiveCfg = Debug|Any CPU
		{626CFA15-A5BA-47C9-A21C-AC14A2977583}.Debug|Any CPU.Build.0 = Debug|Any CPU
		{626CFA15-A5BA-47C9-A21C-AC14A2977583}.Release|Any CPU.ActiveCfg = Release|Any CPU
		{626CFA15-A5BA-47C9-A21C-AC14A2977583}.Release|Any CPU.Build.0 = Release|Any CPU
	EndGlobalSection
	GlobalSection(SolutionProperties) = preSolution
		HideSolutionNode = FALSE
	EndGlobalSection
	GlobalSection(ExtensibilityGlobals) = postSolution
		SolutionGuid = {AAD949AF-A558-4398-B388-F8BEDE8D3412}
	EndGlobalSection
EndGlobal
